
Microsoft Visual Studio Solution File, Format Version 12.00
# Visual Studio 15
VisualStudioVersion = 15.0.28307.757
MinimumVisualStudioVersion = 10.0.40219.1
Project("{FAE04EC0-301F-11D3-BF4B-00C04F79EFBC}") = "clipboardalpha", "clipboardalpha\clipboardalpha.csproj", "{2D16FB6E-0697-4A1C-A2DB-853A94F82452}"
EndProject
Project("{FAE04EC0-301F-11D3-BF4B-00C04F79EFBC}") = "ClipBoardFrameWork", "ClipBoardFrameWork\ClipBoardFrameWork.csproj", "{FF5246F1-13F1-4BB7-9D32-B919AF61D636}"
EndProject
Global
	GlobalSection(SolutionConfigurationPlatforms) = preSolution
		Debug|Any CPU = Debug|Any CPU
		Release|Any CPU = Release|Any CPU
	EndGlobalSection
	GlobalSection(ProjectConfigurationPlatforms) = postSolution
		{2D16FB6E-0697-4A1C-A2DB-853A94F82452}.Debug|Any CPU.ActiveCfg = Debug|Any CPU
		{2D16FB6E-0697-4A1C-A2DB-853A94F82452}.Debug|Any CPU.Build.0 = Debug|Any CPU
		{2D16FB6E-0697-4A1C-A2DB-853A94F82452}.Release|Any CPU.ActiveCfg = Release|Any CPU
		{2D16FB6E-0697-4A1C-A2DB-853A94F82452}.Release|Any CPU.Build.0 = Release|Any CPU
		{FF5246F1-13F1-4BB7-9D32-B919AF61D636}.Debug|Any CPU.ActiveCfg = Debug|Any CPU
		{FF5246F1-13F1-4BB7-9D32-B919AF61D636}.Debug|Any CPU.Build.0 = Debug|Any CPU
		{FF5246F1-13F1-4BB7-9D32-B919AF61D636}.Release|Any CPU.ActiveCfg = Release|Any CPU
		{FF5246F1-13F1-4BB7-9D32-B919AF61D636}.Release|Any CPU.Build.0 = Release|Any CPU
	EndGlobalSection
	GlobalSection(SolutionProperties) = preSolution
		HideSolutionNode = FALSE
	EndGlobalSection
	GlobalSection(ExtensibilityGlobals) = postSolution
		SolutionGuid = {ABC9E8C5-7A54-46AC-82AD-3CE4EF627728}
	EndGlobalSection
EndGlobal
