
Microsoft Visual Studio Solution File, Format Version 12.00
# Visual Studio 15
VisualStudioVersion = 15.0.28307.757
MinimumVisualStudioVersion = 10.0.40219.1
Project("{FAE04EC0-301F-11D3-BF4B-00C04F79EFBC}") = "clipboardalpha", "clipboardalpha\clipboardalpha.csproj", "{2D16FB6E-0697-4A1C-A2DB-853A94F82452}"
EndProject
Project("{FAE04EC0-301F-11D3-BF4B-00C04F79EFBC}") = "ClipBoardFrameWork", "ClipBoardFrameWork\ClipBoardFrameWork.csproj", "{FF5246F1-13F1-4BB7-9D32-B919AF61D636}"
EndProject
Project("{FAE04EC0-301F-11D3-BF4B-00C04F79EFBC}") = "Models", "Models\Models.csproj", "{B117DBF3-B692-407E-B2AF-D989D73339BE}"
EndProject
Project("{FAE04EC0-301F-11D3-BF4B-00C04F79EFBC}") = "DBWrapper", "DBWrapper\DBWrapper.csproj", "{679D5CB6-3D54-4D81-B24F-941D10488BEB}"
EndProject
Project("{FAE04EC0-301F-11D3-BF4B-00C04F79EFBC}") = "DB", "DB\DB.csproj", "{7D3CA782-88C0-44BC-A8D3-0DD4B5C7395D}"
EndProject
Project("{FAE04EC0-301F-11D3-BF4B-00C04F79EFBC}") = "FrameworkTest", "FrameworkTest\FrameworkTest.csproj", "{DAB3CD88-4F11-4CD1-BA80-85DDD0307EE5}"
EndProject
Project("{2150E333-8FDC-42A3-9474-1A3956D46DE8}") = "Solution Items", "Solution Items", "{16C3859F-C6BA-47AE-81D4-2202D5EFB8F1}"
	ProjectSection(SolutionItems) = preProject
		ToDo.txt = ToDo.txt
	EndProjectSection
EndProject
Global
	GlobalSection(SolutionConfigurationPlatforms) = preSolution
		Debug|Any CPU = Debug|Any CPU
		Release|Any CPU = Release|Any CPU
	EndGlobalSection
	GlobalSection(ProjectConfigurationPlatforms) = postSolution
		{2D16FB6E-0697-4A1C-A2DB-853A94F82452}.Debug|Any CPU.ActiveCfg = Debug|Any CPU
		{2D16FB6E-0697-4A1C-A2DB-853A94F82452}.Debug|Any CPU.Build.0 = Debug|Any CPU
		{2D16FB6E-0697-4A1C-A2DB-853A94F82452}.Release|Any CPU.ActiveCfg = Release|Any CPU
		{2D16FB6E-0697-4A1C-A2DB-853A94F82452}.Release|Any CPU.Build.0 = Release|Any CPU
		{FF5246F1-13F1-4BB7-9D32-B919AF61D636}.Debug|Any CPU.ActiveCfg = Debug|Any CPU
		{FF5246F1-13F1-4BB7-9D32-B919AF61D636}.Debug|Any CPU.Build.0 = Debug|Any CPU
		{FF5246F1-13F1-4BB7-9D32-B919AF61D636}.Release|Any CPU.ActiveCfg = Release|Any CPU
		{FF5246F1-13F1-4BB7-9D32-B919AF61D636}.Release|Any CPU.Build.0 = Release|Any CPU
		{B117DBF3-B692-407E-B2AF-D989D73339BE}.Debug|Any CPU.ActiveCfg = Debug|Any CPU
		{B117DBF3-B692-407E-B2AF-D989D73339BE}.Debug|Any CPU.Build.0 = Debug|Any CPU
		{B117DBF3-B692-407E-B2AF-D989D73339BE}.Release|Any CPU.ActiveCfg = Release|Any CPU
		{B117DBF3-B692-407E-B2AF-D989D73339BE}.Release|Any CPU.Build.0 = Release|Any CPU
		{679D5CB6-3D54-4D81-B24F-941D10488BEB}.Debug|Any CPU.ActiveCfg = Debug|Any CPU
		{679D5CB6-3D54-4D81-B24F-941D10488BEB}.Debug|Any CPU.Build.0 = Debug|Any CPU
		{679D5CB6-3D54-4D81-B24F-941D10488BEB}.Release|Any CPU.ActiveCfg = Release|Any CPU
		{679D5CB6-3D54-4D81-B24F-941D10488BEB}.Release|Any CPU.Build.0 = Release|Any CPU
		{7D3CA782-88C0-44BC-A8D3-0DD4B5C7395D}.Debug|Any CPU.ActiveCfg = Debug|Any CPU
		{7D3CA782-88C0-44BC-A8D3-0DD4B5C7395D}.Debug|Any CPU.Build.0 = Debug|Any CPU
		{7D3CA782-88C0-44BC-A8D3-0DD4B5C7395D}.Release|Any CPU.ActiveCfg = Release|Any CPU
		{7D3CA782-88C0-44BC-A8D3-0DD4B5C7395D}.Release|Any CPU.Build.0 = Release|Any CPU
		{DAB3CD88-4F11-4CD1-BA80-85DDD0307EE5}.Debug|Any CPU.ActiveCfg = Debug|Any CPU
		{DAB3CD88-4F11-4CD1-BA80-85DDD0307EE5}.Debug|Any CPU.Build.0 = Debug|Any CPU
		{DAB3CD88-4F11-4CD1-BA80-85DDD0307EE5}.Release|Any CPU.ActiveCfg = Release|Any CPU
		{DAB3CD88-4F11-4CD1-BA80-85DDD0307EE5}.Release|Any CPU.Build.0 = Release|Any CPU
	EndGlobalSection
	GlobalSection(SolutionProperties) = preSolution
		HideSolutionNode = FALSE
	EndGlobalSection
	GlobalSection(ExtensibilityGlobals) = postSolution
		SolutionGuid = {ABC9E8C5-7A54-46AC-82AD-3CE4EF627728}
	EndGlobalSection
EndGlobal
